
Microsoft Visual Studio Solution File, Format Version 12.00
# Visual Studio Version 17
VisualStudioVersion = 17.13.35828.75 d17.13
MinimumVisualStudioVersion = 10.0.40219.1
Project("{FAE04EC0-301F-11D3-BF4B-00C04F79EFBC}") = "JogoDeAdivinhacao.ConsoleApp", "JogoDeAdivinhacao.ConsoleApp\JogoDeAdivinhacao.ConsoleApp.csproj", "{B377E093-31B7-48D6-8BC3-87FF775EE1A3}"
EndProject
Global
	GlobalSection(SolutionConfigurationPlatforms) = preSolution
		Debug|Any CPU = Debug|Any CPU
		Release|Any CPU = Release|Any CPU
	EndGlobalSection
	GlobalSection(ProjectConfigurationPlatforms) = postSolution
		{B377E093-31B7-48D6-8BC3-87FF775EE1A3}.Debug|Any CPU.ActiveCfg = Debug|Any CPU
		{B377E093-31B7-48D6-8BC3-87FF775EE1A3}.Debug|Any CPU.Build.0 = Debug|Any CPU
		{B377E093-31B7-48D6-8BC3-87FF775EE1A3}.Release|Any CPU.ActiveCfg = Release|Any CPU
		{B377E093-31B7-48D6-8BC3-87FF775EE1A3}.Release|Any CPU.Build.0 = Release|Any CPU
	EndGlobalSection
	GlobalSection(SolutionProperties) = preSolution
		HideSolutionNode = FALSE
	EndGlobalSection
	GlobalSection(ExtensibilityGlobals) = postSolution
		SolutionGuid = {B8B06349-1376-4539-808A-0DDEBABB37F3}
	EndGlobalSection
EndGlobal
